
Microsoft Visual Studio Solution File, Format Version 12.00
# Visual Studio Version 16
VisualStudioVersion = 16.0.32106.194
MinimumVisualStudioVersion = 10.0.40219.1
Project("{FAE04EC0-301F-11D3-BF4B-00C04F79EFBC}") = "WebApplication1", "WebApplication1\WebApplication1.csproj", "{2F6D90B2-BCA2-4C1D-B732-82D5EA547D4B}"
EndProject
Global
	GlobalSection(SolutionConfigurationPlatforms) = preSolution
		Debug|Any CPU = Debug|Any CPU
		Release|Any CPU = Release|Any CPU
	EndGlobalSection
	GlobalSection(ProjectConfigurationPlatforms) = postSolution
		{2F6D90B2-BCA2-4C1D-B732-82D5EA547D4B}.Debug|Any CPU.ActiveCfg = Debug|Any CPU
		{2F6D90B2-BCA2-4C1D-B732-82D5EA547D4B}.Debug|Any CPU.Build.0 = Debug|Any CPU
		{2F6D90B2-BCA2-4C1D-B732-82D5EA547D4B}.Release|Any CPU.ActiveCfg = Release|Any CPU
		{2F6D90B2-BCA2-4C1D-B732-82D5EA547D4B}.Release|Any CPU.Build.0 = Release|Any CPU
	EndGlobalSection
	GlobalSection(SolutionProperties) = preSolution
		HideSolutionNode = FALSE
	EndGlobalSection
	GlobalSection(ExtensibilityGlobals) = postSolution
		SolutionGuid = {638DA5A3-C387-4D54-A94E-A6AC37747DEE}
	EndGlobalSection
EndGlobal
